
Microsoft Visual Studio Solution File, Format Version 12.00
# Visual Studio Version 16
VisualStudioVersion = 16.0.30128.74
MinimumVisualStudioVersion = 10.0.40219.1
Project("{9A19103F-16F7-4668-BE54-9A1E7A4F7556}") = "ActorMVC", "ActorMVC.csproj", "{CF911C8F-0DC0-4CA7-9CF5-2B1C7E3C6906}"
EndProject
Global
	GlobalSection(SolutionConfigurationPlatforms) = preSolution
		Debug|Any CPU = Debug|Any CPU
		Release|Any CPU = Release|Any CPU
	EndGlobalSection
	GlobalSection(ProjectConfigurationPlatforms) = postSolution
		{CF911C8F-0DC0-4CA7-9CF5-2B1C7E3C6906}.Debug|Any CPU.ActiveCfg = Debug|Any CPU
		{CF911C8F-0DC0-4CA7-9CF5-2B1C7E3C6906}.Debug|Any CPU.Build.0 = Debug|Any CPU
		{CF911C8F-0DC0-4CA7-9CF5-2B1C7E3C6906}.Release|Any CPU.ActiveCfg = Release|Any CPU
		{CF911C8F-0DC0-4CA7-9CF5-2B1C7E3C6906}.Release|Any CPU.Build.0 = Release|Any CPU
	EndGlobalSection
	GlobalSection(SolutionProperties) = preSolution
		HideSolutionNode = FALSE
	EndGlobalSection
	GlobalSection(ExtensibilityGlobals) = postSolution
		SolutionGuid = {6E7363C5-C889-4961-B832-6DFD0BE27C6F}
	EndGlobalSection
EndGlobal
